
Microsoft Visual Studio Solution File, Format Version 12.00
# Visual Studio Version 17
VisualStudioVersion = 17.5.33502.453
MinimumVisualStudioVersion = 10.0.40219.1
Project("{FAE04EC0-301F-11D3-BF4B-00C04F79EFBC}") = "OwlLauncher", "OwlLauncher.csproj", "{47FC97A9-7D03-4662-BF06-0915A3800952}"
EndProject
Global
	GlobalSection(SolutionConfigurationPlatforms) = preSolution
		Debug|Any CPU = Debug|Any CPU
		Release|Any CPU = Release|Any CPU
	EndGlobalSection
	GlobalSection(ProjectConfigurationPlatforms) = postSolution
		{47FC97A9-7D03-4662-BF06-0915A3800952}.Debug|Any CPU.ActiveCfg = Debug|Any CPU
		{47FC97A9-7D03-4662-BF06-0915A3800952}.Debug|Any CPU.Build.0 = Debug|Any CPU
		{47FC97A9-7D03-4662-BF06-0915A3800952}.Release|Any CPU.ActiveCfg = Release|Any CPU
		{47FC97A9-7D03-4662-BF06-0915A3800952}.Release|Any CPU.Build.0 = Release|Any CPU
	EndGlobalSection
	GlobalSection(SolutionProperties) = preSolution
		HideSolutionNode = FALSE
	EndGlobalSection
	GlobalSection(ExtensibilityGlobals) = postSolution
		SolutionGuid = {1B7F11F7-8ECB-456D-8CD4-30B5E7160C38}
	EndGlobalSection
EndGlobal
